
Microsoft Visual Studio Solution File, Format Version 12.00
# Visual Studio Version 17
VisualStudioVersion = 17.4.33110.190
MinimumVisualStudioVersion = 10.0.40219.1
Project("{FAE04EC0-301F-11D3-BF4B-00C04F79EFBC}") = "RedisMan", "RedisMan\RedisMan.csproj", "{3BD70724-3A2F-4E5C-B395-35C0832DBF76}"
EndProject
Project("{FAE04EC0-301F-11D3-BF4B-00C04F79EFBC}") = "RedisMan.Library", "RedisMan.Library\RedisMan.Library.csproj", "{0D38A183-B29E-4ACD-941A-8E1FD9BB8D66}"
EndProject
Project("{FAE04EC0-301F-11D3-BF4B-00C04F79EFBC}") = "RedisMan.Terminal", "RedisMan.Terminal\RedisMan.Terminal.csproj", "{50304785-4AE7-4DEC-91B1-D3E40366CCAD}"
EndProject
Project("{FAE04EC0-301F-11D3-BF4B-00C04F79EFBC}") = "RedisMan.Test", "RedisMan.Test\RedisMan.Test.csproj", "{1E6505A2-E308-48B4-B062-542C8B60A576}"
EndProject
Global
	GlobalSection(SolutionConfigurationPlatforms) = preSolution
		Debug|Any CPU = Debug|Any CPU
		Release|Any CPU = Release|Any CPU
	EndGlobalSection
	GlobalSection(ProjectConfigurationPlatforms) = postSolution
		{3BD70724-3A2F-4E5C-B395-35C0832DBF76}.Debug|Any CPU.ActiveCfg = Debug|Any CPU
		{3BD70724-3A2F-4E5C-B395-35C0832DBF76}.Debug|Any CPU.Build.0 = Debug|Any CPU
		{3BD70724-3A2F-4E5C-B395-35C0832DBF76}.Release|Any CPU.ActiveCfg = Release|Any CPU
		{3BD70724-3A2F-4E5C-B395-35C0832DBF76}.Release|Any CPU.Build.0 = Release|Any CPU
		{0D38A183-B29E-4ACD-941A-8E1FD9BB8D66}.Debug|Any CPU.ActiveCfg = Debug|Any CPU
		{0D38A183-B29E-4ACD-941A-8E1FD9BB8D66}.Debug|Any CPU.Build.0 = Debug|Any CPU
		{0D38A183-B29E-4ACD-941A-8E1FD9BB8D66}.Release|Any CPU.ActiveCfg = Release|Any CPU
		{0D38A183-B29E-4ACD-941A-8E1FD9BB8D66}.Release|Any CPU.Build.0 = Release|Any CPU
		{50304785-4AE7-4DEC-91B1-D3E40366CCAD}.Debug|Any CPU.ActiveCfg = Debug|Any CPU
		{50304785-4AE7-4DEC-91B1-D3E40366CCAD}.Debug|Any CPU.Build.0 = Debug|Any CPU
		{50304785-4AE7-4DEC-91B1-D3E40366CCAD}.Release|Any CPU.ActiveCfg = Release|Any CPU
		{50304785-4AE7-4DEC-91B1-D3E40366CCAD}.Release|Any CPU.Build.0 = Release|Any CPU
		{1E6505A2-E308-48B4-B062-542C8B60A576}.Debug|Any CPU.ActiveCfg = Debug|Any CPU
		{1E6505A2-E308-48B4-B062-542C8B60A576}.Debug|Any CPU.Build.0 = Debug|Any CPU
		{1E6505A2-E308-48B4-B062-542C8B60A576}.Release|Any CPU.ActiveCfg = Release|Any CPU
		{1E6505A2-E308-48B4-B062-542C8B60A576}.Release|Any CPU.Build.0 = Release|Any CPU
	EndGlobalSection
	GlobalSection(SolutionProperties) = preSolution
		HideSolutionNode = FALSE
	EndGlobalSection
	GlobalSection(ExtensibilityGlobals) = postSolution
		SolutionGuid = {6EC4296F-67F7-4060-BCB3-1F0AC9A1B79A}
	EndGlobalSection
EndGlobal
