
Microsoft Visual Studio Solution File, Format Version 12.00
# Visual Studio Version 16
VisualStudioVersion = 16.0.29613.14
MinimumVisualStudioVersion = 10.0.40219.1
Project("{FAE04EC0-301F-11D3-BF4B-00C04F79EFBC}") = "RedisMan", "RedisMan\RedisMan.csproj", "{00384710-E5A7-482D-905B-1657A67BC7E4}"
EndProject
Project("{FAE04EC0-301F-11D3-BF4B-00C04F79EFBC}") = "RedisMan.Library", "RedisMan.Library\RedisMan.Library.csproj", "{CACD3120-947C-433C-95EE-C16649B93459}"
EndProject
Project("{FAE04EC0-301F-11D3-BF4B-00C04F79EFBC}") = "RedisMan.Test", "RedisMan.Test\RedisMan.Test.csproj", "{C1557EA3-B3AB-4FBB-BBD0-746868E03485}"
EndProject
Global
	GlobalSection(SolutionConfigurationPlatforms) = preSolution
		Debug|Any CPU = Debug|Any CPU
		Release|Any CPU = Release|Any CPU
	EndGlobalSection
	GlobalSection(ProjectConfigurationPlatforms) = postSolution
		{00384710-E5A7-482D-905B-1657A67BC7E4}.Debug|Any CPU.ActiveCfg = Debug|Any CPU
		{00384710-E5A7-482D-905B-1657A67BC7E4}.Debug|Any CPU.Build.0 = Debug|Any CPU
		{00384710-E5A7-482D-905B-1657A67BC7E4}.Release|Any CPU.ActiveCfg = Release|Any CPU
		{00384710-E5A7-482D-905B-1657A67BC7E4}.Release|Any CPU.Build.0 = Release|Any CPU
		{CACD3120-947C-433C-95EE-C16649B93459}.Debug|Any CPU.ActiveCfg = Debug|Any CPU
		{CACD3120-947C-433C-95EE-C16649B93459}.Debug|Any CPU.Build.0 = Debug|Any CPU
		{CACD3120-947C-433C-95EE-C16649B93459}.Release|Any CPU.ActiveCfg = Release|Any CPU
		{CACD3120-947C-433C-95EE-C16649B93459}.Release|Any CPU.Build.0 = Release|Any CPU
		{C1557EA3-B3AB-4FBB-BBD0-746868E03485}.Debug|Any CPU.ActiveCfg = Debug|Any CPU
		{C1557EA3-B3AB-4FBB-BBD0-746868E03485}.Debug|Any CPU.Build.0 = Debug|Any CPU
		{C1557EA3-B3AB-4FBB-BBD0-746868E03485}.Release|Any CPU.ActiveCfg = Release|Any CPU
		{C1557EA3-B3AB-4FBB-BBD0-746868E03485}.Release|Any CPU.Build.0 = Release|Any CPU
	EndGlobalSection
	GlobalSection(SolutionProperties) = preSolution
		HideSolutionNode = FALSE
	EndGlobalSection
	GlobalSection(ExtensibilityGlobals) = postSolution
		SolutionGuid = {138AD4C0-43C1-461A-9CB1-B8C6116CAA41}
	EndGlobalSection
EndGlobal
